{
  "name": "react-doodle-monorepo",
  "version": "0.0.0",
  "lockfileVersion": 3,
  "requires": true,
  "packages": {
    "": {
      "name": "react-doodle-monorepo",
      "version": "0.0.0",
      "workspaces": [
        "packages/react-doodle",
        "packages/story"
      ],
      "engines": {
        "node": ">=18.16.0",
        "npm": ">=9.5.1"
      }
    },
    "node_modules/react-doodle": {
      "resolved": "packages/react-doodle",
      "link": true
    },
    "node_modules/story": {
      "resolved": "packages/story",
      "link": true
    },
    "packages/react-doodle": {
      "version": "1.0.0",
      "license": "ISC"
    },
    "packages/story": {
      "version": "0.0.0"
    }
  }
}
